// !$*UTF8*$!
{
	archiveVersion = 1;
	classes = {
	};
	objectVersion = 46;
	objects = {

/* Begin PBXBuildFile section */
		FC6418931A68634900FD3ACC /* main.m in Sources */ = {isa = PBXBuildFile; fileRef = FC6418921A68634900FD3ACC /* main.m */; };
		FC6418961A68634900FD3ACC /* AppDelegate.m in Sources */ = {isa = PBXBuildFile; fileRef = FC6418951A68634900FD3ACC /* AppDelegate.m */; };
		FC6418991A68634900FD3ACC /* LayerTest.xcdatamodeld in Sources */ = {isa = PBXBuildFile; fileRef = FC6418971A68634900FD3ACC /* LayerTest.xcdatamodeld */; };
		FC64189C1A68634900FD3ACC /* ViewController.m in Sources */ = {isa = PBXBuildFile; fileRef = FC64189B1A68634900FD3ACC /* ViewController.m */; };
		FC64189F1A68634900FD3ACC /* Main.storyboard in Resources */ = {isa = PBXBuildFile; fileRef = FC64189D1A68634900FD3ACC /* Main.storyboard */; };
		FC6418A11A68634900FD3ACC /* Images.xcassets in Resources */ = {isa = PBXBuildFile; fileRef = FC6418A01A68634900FD3ACC /* Images.xcassets */; };
		FC6418A41A68634900FD3ACC /* LaunchScreen.xib in Resources */ = {isa = PBXBuildFile; fileRef = FC6418A21A68634900FD3ACC /* LaunchScreen.xib */; };
		FC6418B01A68634A00FD3ACC /* LayerTestTests.m in Sources */ = {isa = PBXBuildFile; fileRef = FC6418AF1A68634A00FD3ACC /* LayerTestTests.m */; };
/* End PBXBuildFile section */

/* Begin PBXContainerItemProxy section */
		FC6418AA1A68634A00FD3ACC /* PBXContainerItemProxy */ = {
			isa = PBXContainerItemProxy;
			containerPortal = FC6418851A68634900FD3ACC /* Project object */;
			proxyType = 1;
			remoteGlobalIDString = FC64188C1A68634900FD3ACC;
			remoteInfo = LayerTest;
		};
/* End PBXContainerItemProxy section */

/* Begin PBXFileReference section */
		FC64188D1A68634900FD3ACC /* LayerTest.app */ = {isa = PBXFileReference; explicitFileType = wrapper.application; includeInIndex = 0; path = LayerTest.app; sourceTree = BUILT_PRODUCTS_DIR; };
		FC6418911A68634900FD3ACC /* Info.plist */ = {isa = PBXFileReference; lastKnownFileType = text.plist.xml; path = Info.plist; sourceTree = "<group>"; };
		FC6418921A68634900FD3ACC /* main.m */ = {isa = PBXFileReference; lastKnownFileType = sourcecode.c.objc; path = main.m; sourceTree = "<group>"; };
		FC6418941A68634900FD3ACC /* AppDelegate.h */ = {isa = PBXFileReference; lastKnownFileType = sourcecode.c.h; path = AppDelegate.h; sourceTree = "<group>"; };
		FC6418951A68634900FD3ACC /* AppDelegate.m */ = {isa = PBXFileReference; lastKnownFileType = sourcecode.c.objc; path = AppDelegate.m; sourceTree = "<group>"; };
		FC6418981A68634900FD3ACC /* LayerTest.xcdatamodel */ = {isa = PBXFileReference; lastKnownFileType = wrapper.xcdatamodel; path = LayerTest.xcdatamodel; sourceTree = "<group>"; };
		FC64189A1A68634900FD3ACC /* ViewController.h */ = {isa = PBXFileReference; lastKnownFileType = sourcecode.c.h; path = ViewController.h; sourceTree = "<group>"; };
		FC64189B1A68634900FD3ACC /* ViewController.m */ = {isa = PBXFileReference; lastKnownFileType = sourcecode.c.objc; path = ViewController.m; sourceTree = "<group>"; };
		FC64189E1A68634900FD3ACC /* Base */ = {isa = PBXFileReference; lastKnownFileType = file.storyboard; name = Base; path = Base.lproj/Main.storyboard; sourceTree = "<group>"; };
		FC6418A01A68634900FD3ACC /* Images.xcassets */ = {isa = PBXFileReference; lastKnownFileType = folder.assetcatalog; path = Images.xcassets; sourceTree = "<group>"; };
		FC6418A31A68634900FD3ACC /* Base */ = {isa = PBXFileReference; lastKnownFileType = file.xib; name = Base; path = Base.lproj/LaunchScreen.xib; sourceTree = "<group>"; };
		FC6418A91A68634A00FD3ACC /* LayerTestTests.xctest */ = {isa = PBXFileReference; explicitFileType = wrapper.cfbundle; includeInIndex = 0; path = LayerTestTests.xctest; sourceTree = BUILT_PRODUCTS_DIR; };
		FC6418AE1A68634A00FD3ACC /* Info.plist */ = {isa = PBXFileReference; lastKnownFileType = text.plist.xml; path = Info.plist; sourceTree = "<group>"; };
		FC6418AF1A68634A00FD3ACC /* LayerTestTests.m */ = {isa = PBXFileReference; lastKnownFileType = sourcecode.c.objc; path = LayerTestTests.m; sourceTree = "<group>"; };
/* End PBXFileReference section */

/* Begin PBXFrameworksBuildPhase section */
		FC64188A1A68634900FD3ACC /* Frameworks */ = {
			isa = PBXFrameworksBuildPhase;
			buildActionMask = 2147483647;
			files = (
			);
			runOnlyForDeploymentPostprocessing = 0;
		};
		FC6418A61A68634A00FD3ACC /* Frameworks */ = {
			isa = PBXFrameworksBuildPhase;
			buildActionMask = 2147483647;
			files = (
			);
			runOnlyForDeploymentPostprocessing = 0;
		};
/* End PBXFrameworksBuildPhase section */

/* Begin PBXGroup section */
		FC6418841A68634900FD3ACC = {
			isa = PBXGroup;
			children = (
				FC64188F1A68634900FD3ACC /* LayerTest */,
				FC6418AC1A68634A00FD3ACC /* LayerTestTests */,
				FC64188E1A68634900FD3ACC /* Products */,
			);
			sourceTree = "<group>";
		};
		FC64188E1A68634900FD3ACC /* Products */ = {
			isa = PBXGroup;
			children = (
				FC64188D1A68634900FD3ACC /* LayerTest.app */,
				FC6418A91A68634A00FD3ACC /* LayerTestTests.xctest */,
			);
			name = Products;
			sourceTree = "<group>";
		};
		FC64188F1A68634900FD3ACC /* LayerTest */ = {
			isa = PBXGroup;
			children = (
				FC6418941A68634900FD3ACC /* AppDelegate.h */,
				FC6418951A68634900FD3ACC /* AppDelegate.m */,
				FC64189A1A68634900FD3ACC /* ViewController.h */,
				FC64189B1A68634900FD3ACC /* ViewController.m */,
				FC64189D1A68634900FD3ACC /* Main.storyboard */,
				FC6418A01A68634900FD3ACC /* Images.xcassets */,
				FC6418A21A68634900FD3ACC /* LaunchScreen.xib */,
				FC6418971A68634900FD3ACC /* LayerTest.xcdatamodeld */,
				FC6418901A68634900FD3ACC /* Supporting Files */,
			);
			path = LayerTest;
			sourceTree = "<group>";
		};
		FC6418901A68634900FD3ACC /* Supporting Files */ = {
			isa = PBXGroup;
			children = (
				FC6418911A68634900FD3ACC /* Info.plist */,
				FC6418921A68634900FD3ACC /* main.m */,
			);
			name = "Supporting Files";
			sourceTree = "<group>";
		};
		FC6418AC1A68634A00FD3ACC /* LayerTestTests */ = {
			isa = PBXGroup;
			children = (
				FC6418AF1A68634A00FD3ACC /* LayerTestTests.m */,
				FC6418AD1A68634A00FD3ACC /* Supporting Files */,
			);
			path = LayerTestTests;
			sourceTree = "<group>";
		};
		FC6418AD1A68634A00FD3ACC /* Supporting Files */ = {
			isa = PBXGroup;
			children = (
				FC6418AE1A68634A00FD3ACC /* Info.plist */,
			);
			name = "Supporting Files";
			sourceTree = "<group>";
		};
/* End PBXGroup section */

/* Begin PBXNativeTarget section */
		FC64188C1A68634900FD3ACC /* LayerTest */ = {
			isa = PBXNativeTarget;
			buildConfigurationList = FC6418B31A68634A00FD3ACC /* Build configuration list for PBXNativeTarget "LayerTest" */;
			buildPhases = (
				FC6418891A68634900FD3ACC /* Sources */,
				FC64188A1A68634900FD3ACC /* Frameworks */,
				FC64188B1A68634900FD3ACC /* Resources */,
			);
			buildRules = (
			);
			dependencies = (
			);
			name = LayerTest;
			productName = LayerTest;
			productReference = FC64188D1A68634900FD3ACC /* LayerTest.app */;
			productType = "com.apple.product-type.application";
		};
		FC6418A81A68634A00FD3ACC /* LayerTestTests */ = {
			isa = PBXNativeTarget;
			buildConfigurationList = FC6418B61A68634A00FD3ACC /* Build configuration list for PBXNativeTarget "LayerTestTests" */;
			buildPhases = (
				FC6418A51A68634A00FD3ACC /* Sources */,
				FC6418A61A68634A00FD3ACC /* Frameworks */,
				FC6418A71A68634A00FD3ACC /* Resources */,
			);
			buildRules = (
			);
			dependencies = (
				FC6418AB1A68634A00FD3ACC /* PBXTargetDependency */,
			);
			name = LayerTestTests;
			productName = LayerTestTests;
			productReference = FC6418A91A68634A00FD3ACC /* LayerTestTests.xctest */;
			productType = "com.apple.product-type.bundle.unit-test";
		};
/* End PBXNativeTarget section */

/* Begin PBXProject section */
		FC6418851A68634900FD3ACC /* Project object */ = {
			isa = PBXProject;
			attributes = {
				LastUpgradeCheck = 0610;
				ORGANIZATIONNAME = "Let's At";
				TargetAttributes = {
					FC64188C1A68634900FD3ACC = {
						CreatedOnToolsVersion = 6.1.1;
					};
					FC6418A81A68634A00FD3ACC = {
						CreatedOnToolsVersion = 6.1.1;
						TestTargetID = FC64188C1A68634900FD3ACC;
					};
				};
			};
			buildConfigurationList = FC6418881A68634900FD3ACC /* Build configuration list for PBXProject "LayerTest" */;
			compatibilityVersion = "Xcode 3.2";
			developmentRegion = English;
			hasScannedForEncodings = 0;
			knownRegions = (
				en,
				Base,
			);
			mainGroup = FC6418841A68634900FD3ACC;
			productRefGroup = FC64188E1A68634900FD3ACC /* Products */;
			projectDirPath = "";
			projectRoot = "";
			targets = (
				FC64188C1A68634900FD3ACC /* LayerTest */,
				FC6418A81A68634A00FD3ACC /* LayerTestTests */,
			);
		};
/* End PBXProject section */

/* Begin PBXResourcesBuildPhase section */
		FC64188B1A68634900FD3ACC /* Resources */ = {
			isa = PBXResourcesBuildPhase;
			buildActionMask = 2147483647;
			files = (
				FC64189F1A68634900FD3ACC /* Main.storyboard in Resources */,
				FC6418A41A68634900FD3ACC /* LaunchScreen.xib in Resources */,
				FC6418A11A68634900FD3ACC /* Images.xcassets in Resources */,
			);
			runOnlyForDeploymentPostprocessing = 0;
		};
		FC6418A71A68634A00FD3ACC /* Resources */ = {
			isa = PBXResourcesBuildPhase;
			buildActionMask = 2147483647;
			files = (
			);
			runOnlyForDeploymentPostprocessing = 0;
		};
/* End PBXResourcesBuildPhase section */

/* Begin PBXSourcesBuildPhase section */
		FC6418891A68634900FD3ACC /* Sources */ = {
			isa = PBXSourcesBuildPhase;
			buildActionMask = 2147483647;
			files = (
				FC6418991A68634900FD3ACC /* LayerTest.xcdatamodeld in Sources */,
				FC6418961A68634900FD3ACC /* AppDelegate.m in Sources */,
				FC64189C1A68634900FD3ACC /* ViewController.m in Sources */,
				FC6418931A68634900FD3ACC /* main.m in Sources */,
			);
			runOnlyForDeploymentPostprocessing = 0;
		};
		FC6418A51A68634A00FD3ACC /* Sources */ = {
			isa = PBXSourcesBuildPhase;
			buildActionMask = 2147483647;
			files = (
				FC6418B01A68634A00FD3ACC /* LayerTestTests.m in Sources */,
			);
			runOnlyForDeploymentPostprocessing = 0;
		};
/* End PBXSourcesBuildPhase section */

/* Begin PBXTargetDependency section */
		FC6418AB1A68634A00FD3ACC /* PBXTargetDependency */ = {
			isa = PBXTargetDependency;
			target = FC64188C1A68634900FD3ACC /* LayerTest */;
			targetProxy = FC6418AA1A68634A00FD3ACC /* PBXContainerItemProxy */;
		};
/* End PBXTargetDependency section */

/* Begin PBXVariantGroup section */
		FC64189D1A68634900FD3ACC /* Main.storyboard */ = {
			isa = PBXVariantGroup;
			children = (
				FC64189E1A68634900FD3ACC /* Base */,
			);
			name = Main.storyboard;
			sourceTree = "<group>";
		};
		FC6418A21A68634900FD3ACC /* LaunchScreen.xib */ = {
			isa = PBXVariantGroup;
			children = (
				FC6418A31A68634900FD3ACC /* Base */,
			);
			name = LaunchScreen.xib;
			sourceTree = "<group>";
		};
/* End PBXVariantGroup section */

/* Begin XCBuildConfiguration section */
		FC6418B11A68634A00FD3ACC /* Debug */ = {
			isa = XCBuildConfiguration;
			buildSettings = {
				ALWAYS_SEARCH_USER_PATHS = NO;
				CLANG_CXX_LANGUAGE_STANDARD = "gnu++0x";
				CLANG_CXX_LIBRARY = "libc++";
				CLANG_ENABLE_MODULES = YES;
				CLANG_ENABLE_OBJC_ARC = YES;
				CLANG_WARN_BOOL_CONVERSION = YES;
				CLANG_WARN_CONSTANT_CONVERSION = YES;
				CLANG_WARN_DIRECT_OBJC_ISA_USAGE = YES_ERROR;
				CLANG_WARN_EMPTY_BODY = YES;
				CLANG_WARN_ENUM_CONVERSION = YES;
				CLANG_WARN_INT_CONVERSION = YES;
				CLANG_WARN_OBJC_ROOT_CLASS = YES_ERROR;
				CLANG_WARN_UNREACHABLE_CODE = YES;
				CLANG_WARN__DUPLICATE_METHOD_MATCH = YES;
				"CODE_SIGN_IDENTITY[sdk=iphoneos*]" = "iPhone Developer";
				COPY_PHASE_STRIP = NO;
				ENABLE_STRICT_OBJC_MSGSEND = YES;
				GCC_C_LANGUAGE_STANDARD = gnu99;
				GCC_DYNAMIC_NO_PIC = NO;
				GCC_OPTIMIZATION_LEVEL = 0;
				GCC_PREPROCESSOR_DEFINITIONS = (
					"DEBUG=1",
					"$(inherited)",
				);
				GCC_SYMBOLS_PRIVATE_EXTERN = NO;
				GCC_WARN_64_TO_32_BIT_CONVERSION = YES;
				GCC_WARN_ABOUT_RETURN_TYPE = YES_ERROR;
				GCC_WARN_UNDECLARED_SELECTOR = YES;
				GCC_WARN_UNINITIALIZED_AUTOS = YES_AGGRESSIVE;
				GCC_WARN_UNUSED_FUNCTION = YES;
				GCC_WARN_UNUSED_VARIABLE = YES;
				IPHONEOS_DEPLOYMENT_TARGET = 8.1;
				MTL_ENABLE_DEBUG_INFO = YES;
				ONLY_ACTIVE_ARCH = YES;
				SDKROOT = iphoneos;
			};
			name = Debug;
		};
		FC6418B21A68634A00FD3ACC /* Release */ = {
			isa = XCBuildConfiguration;
			buildSettings = {
				ALWAYS_SEARCH_USER_PATHS = NO;
				CLANG_CXX_LANGUAGE_STANDARD = "gnu++0x";
				CLANG_CXX_LIBRARY = "libc++";
				CLANG_ENABLE_MODULES = YES;
				CLANG_ENABLE_OBJC_ARC = YES;
				CLANG_WARN_BOOL_CONVERSION = YES;
				CLANG_WARN_CONSTANT_CONVERSION = YES;
				CLANG_WARN_DIRECT_OBJC_ISA_USAGE = YES_ERROR;
				CLANG_WARN_EMPTY_BODY = YES;
				CLANG_WARN_ENUM_CONVERSION = YES;
				CLANG_WARN_INT_CONVERSION = YES;
				CLANG_WARN_OBJC_ROOT_CLASS = YES_ERROR;
				CLANG_WARN_UNREACHABLE_CODE = YES;
				CLANG_WARN__DUPLICATE_METHOD_MATCH = YES;
				"CODE_SIGN_IDENTITY[sdk=iphoneos*]" = "iPhone Developer";
				COPY_PHASE_STRIP = YES;
				ENABLE_NS_ASSERTIONS = NO;
				ENABLE_STRICT_OBJC_MSGSEND = YES;
				GCC_C_LANGUAGE_STANDARD = gnu99;
				GCC_WARN_64_TO_32_BIT_CONVERSION = YES;
				GCC_WARN_ABOUT_RETURN_TYPE = YES_ERROR;
				GCC_WARN_UNDECLARED_SELECTOR = YES;
				GCC_WARN_UNINITIALIZED_AUTOS = YES_AGGRESSIVE;
				GCC_WARN_UNUSED_FUNCTION = YES;
				GCC_WARN_UNUSED_VARIABLE = YES;
				IPHONEOS_DEPLOYMENT_TARGET = 8.1;
				MTL_ENABLE_DEBUG_INFO = NO;
				SDKROOT = iphoneos;
				VALIDATE_PRODUCT = YES;
			};
			name = Release;
		};
		FC6418B41A68634A00FD3ACC /* Debug */ = {
			isa = XCBuildConfiguration;
			buildSettings = {
				ASSETCATALOG_COMPILER_APPICON_NAME = AppIcon;
				INFOPLIST_FILE = LayerTest/Info.plist;
				LD_RUNPATH_SEARCH_PATHS = "$(inherited) @executable_path/Frameworks";
				PRODUCT_NAME = "$(TARGET_NAME)";
			};
			name = Debug;
		};
		FC6418B51A68634A00FD3ACC /* Release */ = {
			isa = XCBuildConfiguration;
			buildSettings = {
				ASSETCATALOG_COMPILER_APPICON_NAME = AppIcon;
				INFOPLIST_FILE = LayerTest/Info.plist;
				LD_RUNPATH_SEARCH_PATHS = "$(inherited) @executable_path/Frameworks";
				PRODUCT_NAME = "$(TARGET_NAME)";
			};
			name = Release;
		};
		FC6418B71A68634A00FD3ACC /* Debug */ = {
			isa = XCBuildConfiguration;
			buildSettings = {
				BUNDLE_LOADER = "$(TEST_HOST)";
				FRAMEWORK_SEARCH_PATHS = (
					"$(SDKROOT)/Developer/Library/Frameworks",
					"$(inherited)",
				);
				GCC_PREPROCESSOR_DEFINITIONS = (
					"DEBUG=1",
					"$(inherited)",
				);
				INFOPLIST_FILE = LayerTestTests/Info.plist;
				LD_RUNPATH_SEARCH_PATHS = "$(inherited) @executable_path/Frameworks @loader_path/Frameworks";
				PRODUCT_NAME = "$(TARGET_NAME)";
				TEST_HOST = "$(BUILT_PRODUCTS_DIR)/LayerTest.app/LayerTest";
			};
			name = Debug;
		};
		FC6418B81A68634A00FD3ACC /* Release */ = {
			isa = XCBuildConfiguration;
			buildSettings = {
				BUNDLE_LOADER = "$(TEST_HOST)";
				FRAMEWORK_SEARCH_PATHS = (
					"$(SDKROOT)/Developer/Library/Frameworks",
					"$(inherited)",
				);
				INFOPLIST_FILE = LayerTestTests/Info.plist;
				LD_RUNPATH_SEARCH_PATHS = "$(inherited) @executable_path/Frameworks @loader_path/Frameworks";
				PRODUCT_NAME = "$(TARGET_NAME)";
				TEST_HOST = "$(BUILT_PRODUCTS_DIR)/LayerTest.app/LayerTest";
			};
			name = Release;
		};
/* End XCBuildConfiguration section */

/* Begin XCConfigurationList section */
		FC6418881A68634900FD3ACC /* Build configuration list for PBXProject "LayerTest" */ = {
			isa = XCConfigurationList;
			buildConfigurations = (
				FC6418B11A68634A00FD3ACC /* Debug */,
				FC6418B21A68634A00FD3ACC /* Release */,
			);
			defaultConfigurationIsVisible = 0;
			defaultConfigurationName = Release;
		};
		FC6418B31A68634A00FD3ACC /* Build configuration list for PBXNativeTarget "LayerTest" */ = {
			isa = XCConfigurationList;
			buildConfigurations = (
				FC6418B41A68634A00FD3ACC /* Debug */,
				FC6418B51A68634A00FD3ACC /* Release */,
			);
			defaultConfigurationIsVisible = 0;
		};
		FC6418B61A68634A00FD3ACC /* Build configuration list for PBXNativeTarget "LayerTestTests" */ = {
			isa = XCConfigurationList;
			buildConfigurations = (
				FC6418B71A68634A00FD3ACC /* Debug */,
				FC6418B81A68634A00FD3ACC /* Release */,
			);
			defaultConfigurationIsVisible = 0;
		};
/* End XCConfigurationList section */

/* Begin XCVersionGroup section */
		FC6418971A68634900FD3ACC /* LayerTest.xcdatamodeld */ = {
			isa = XCVersionGroup;
			children = (
				FC6418981A68634900FD3ACC /* LayerTest.xcdatamodel */,
			);
			currentVersion = FC6418981A68634900FD3ACC /* LayerTest.xcdatamodel */;
			path = LayerTest.xcdatamodeld;
			sourceTree = "<group>";
			versionGroupType = wrapper.xcdatamodel;
		};
/* End XCVersionGroup section */
	};
	rootObject = FC6418851A68634900FD3ACC /* Project object */;
}
